
Microsoft Visual Studio Solution File, Format Version 12.00
# Visual Studio Version 17
VisualStudioVersion = 17.9.34622.214
MinimumVisualStudioVersion = 10.0.40219.1
Project("{2150E333-8FDC-42A3-9474-1A3956D46DE8}") = "src", "src", "{4A6C95B4-7A36-4B5B-90A9-4BB183884016}"
EndProject
Project("{2150E333-8FDC-42A3-9474-1A3956D46DE8}") = "tests", "tests", "{A6F78EC8-8C4A-430C-B29F-0A2A85263E39}"
EndProject
Project("{2150E333-8FDC-42A3-9474-1A3956D46DE8}") = "APIs", "APIs", "{E9357394-8923-45B3-A063-4BBE28CAC9F3}"
EndProject
Project("{2150E333-8FDC-42A3-9474-1A3956D46DE8}") = "Shared", "Shared", "{5BDBA4F0-EF65-45D8-A7F0-4D2B2D3D6251}"
EndProject
Project("{2150E333-8FDC-42A3-9474-1A3956D46DE8}") = "HostedServices", "HostedServices", "{96C55BA9-F39D-4359-9A41-345B662A7D83}"
EndProject
Project("{9A19103F-16F7-4668-BE54-9A1E7A4F7556}") = "RentAMotto.Admin.Api", "src\RentAMotto.Admin.Api\RentAMotto.Admin.Api.csproj", "{2BF44926-A6DC-4CE2-A39B-FF51CB4F4A21}"
EndProject
Project("{9A19103F-16F7-4668-BE54-9A1E7A4F7556}") = "RentAMotto.Deliverers.Api", "src\RentAMotto.Deliverers.Api\RentAMotto.Deliverers.Api.csproj", "{254072E1-983D-4B5C-8B08-61F4DBC52016}"
EndProject
Project("{2150E333-8FDC-42A3-9474-1A3956D46DE8}") = "Admin", "Admin", "{BA4E8C0C-7CC4-4EB2-A7D9-1ADA951454A1}"
EndProject
Project("{2150E333-8FDC-42A3-9474-1A3956D46DE8}") = "Deliverers", "Deliverers", "{BEC2E16A-083B-4DAE-8436-AFDF273D7682}"
EndProject
Project("{9A19103F-16F7-4668-BE54-9A1E7A4F7556}") = "RentAMotto.Admin.Application", "src\RentAMotto.Admin.Application\RentAMotto.Admin.Application.csproj", "{F7619348-DE3E-4489-B538-9A393C2126F7}"
EndProject
Project("{9A19103F-16F7-4668-BE54-9A1E7A4F7556}") = "RentAMotto.Deliverers.Application", "src\RentAMotto.Deliverers.Application\RentAMotto.Deliverers.Application.csproj", "{6AB1CE90-B9C0-4D8E-8D38-9E8CEBC7C5CE}"
EndProject
Project("{9A19103F-16F7-4668-BE54-9A1E7A4F7556}") = "RentAMotto.Domain", "src\RentAMotto.Domain\RentAMotto.Domain.csproj", "{EB1A047B-8163-4245-97BF-E0BF3A9DCFCF}"
EndProject
Project("{9A19103F-16F7-4668-BE54-9A1E7A4F7556}") = "RentAMotto.Infrastructure", "src\RentAMotto.Infrastructure\RentAMotto.Infrastructure.csproj", "{C7F16671-A135-4FC7-A1CC-42F4C9BC254B}"
EndProject
Project("{9A19103F-16F7-4668-BE54-9A1E7A4F7556}") = "RentAMotto.MottoCreatedConsumer.Worker", "src\RentAMotto.MottoCreatedConsumer.Worker\RentAMotto.MottoCreatedConsumer.Worker.csproj", "{BE38A127-7D9B-4402-A310-9740F13B1264}"
EndProject
Project("{9A19103F-16F7-4668-BE54-9A1E7A4F7556}") = "RentAMotto.Common.Api", "src\RentAMotto.Common.Api\RentAMotto.Common.Api.csproj", "{8D00C5CB-A319-47D3-9697-0908D4A4C387}"
EndProject
Project("{9A19103F-16F7-4668-BE54-9A1E7A4F7556}") = "RentAMotto.Common.Abstraction", "src\RentAMotto.Common.Abstraction\RentAMotto.Common.Abstraction.csproj", "{183CBD19-6A6B-4D1B-B9BD-40F159AD32BB}"
EndProject
Global
	GlobalSection(SolutionConfigurationPlatforms) = preSolution
		Debug|Any CPU = Debug|Any CPU
		Release|Any CPU = Release|Any CPU
	EndGlobalSection
	GlobalSection(ProjectConfigurationPlatforms) = postSolution
		{2BF44926-A6DC-4CE2-A39B-FF51CB4F4A21}.Debug|Any CPU.ActiveCfg = Debug|Any CPU
		{2BF44926-A6DC-4CE2-A39B-FF51CB4F4A21}.Debug|Any CPU.Build.0 = Debug|Any CPU
		{2BF44926-A6DC-4CE2-A39B-FF51CB4F4A21}.Release|Any CPU.ActiveCfg = Release|Any CPU
		{2BF44926-A6DC-4CE2-A39B-FF51CB4F4A21}.Release|Any CPU.Build.0 = Release|Any CPU
		{254072E1-983D-4B5C-8B08-61F4DBC52016}.Debug|Any CPU.ActiveCfg = Debug|Any CPU
		{254072E1-983D-4B5C-8B08-61F4DBC52016}.Debug|Any CPU.Build.0 = Debug|Any CPU
		{254072E1-983D-4B5C-8B08-61F4DBC52016}.Release|Any CPU.ActiveCfg = Release|Any CPU
		{254072E1-983D-4B5C-8B08-61F4DBC52016}.Release|Any CPU.Build.0 = Release|Any CPU
		{F7619348-DE3E-4489-B538-9A393C2126F7}.Debug|Any CPU.ActiveCfg = Debug|Any CPU
		{F7619348-DE3E-4489-B538-9A393C2126F7}.Debug|Any CPU.Build.0 = Debug|Any CPU
		{F7619348-DE3E-4489-B538-9A393C2126F7}.Release|Any CPU.ActiveCfg = Release|Any CPU
		{F7619348-DE3E-4489-B538-9A393C2126F7}.Release|Any CPU.Build.0 = Release|Any CPU
		{6AB1CE90-B9C0-4D8E-8D38-9E8CEBC7C5CE}.Debug|Any CPU.ActiveCfg = Debug|Any CPU
		{6AB1CE90-B9C0-4D8E-8D38-9E8CEBC7C5CE}.Debug|Any CPU.Build.0 = Debug|Any CPU
		{6AB1CE90-B9C0-4D8E-8D38-9E8CEBC7C5CE}.Release|Any CPU.ActiveCfg = Release|Any CPU
		{6AB1CE90-B9C0-4D8E-8D38-9E8CEBC7C5CE}.Release|Any CPU.Build.0 = Release|Any CPU
		{EB1A047B-8163-4245-97BF-E0BF3A9DCFCF}.Debug|Any CPU.ActiveCfg = Debug|Any CPU
		{EB1A047B-8163-4245-97BF-E0BF3A9DCFCF}.Debug|Any CPU.Build.0 = Debug|Any CPU
		{EB1A047B-8163-4245-97BF-E0BF3A9DCFCF}.Release|Any CPU.ActiveCfg = Release|Any CPU
		{EB1A047B-8163-4245-97BF-E0BF3A9DCFCF}.Release|Any CPU.Build.0 = Release|Any CPU
		{C7F16671-A135-4FC7-A1CC-42F4C9BC254B}.Debug|Any CPU.ActiveCfg = Debug|Any CPU
		{C7F16671-A135-4FC7-A1CC-42F4C9BC254B}.Debug|Any CPU.Build.0 = Debug|Any CPU
		{C7F16671-A135-4FC7-A1CC-42F4C9BC254B}.Release|Any CPU.ActiveCfg = Release|Any CPU
		{C7F16671-A135-4FC7-A1CC-42F4C9BC254B}.Release|Any CPU.Build.0 = Release|Any CPU
		{BE38A127-7D9B-4402-A310-9740F13B1264}.Debug|Any CPU.ActiveCfg = Debug|Any CPU
		{BE38A127-7D9B-4402-A310-9740F13B1264}.Debug|Any CPU.Build.0 = Debug|Any CPU
		{BE38A127-7D9B-4402-A310-9740F13B1264}.Release|Any CPU.ActiveCfg = Release|Any CPU
		{BE38A127-7D9B-4402-A310-9740F13B1264}.Release|Any CPU.Build.0 = Release|Any CPU
		{8D00C5CB-A319-47D3-9697-0908D4A4C387}.Debug|Any CPU.ActiveCfg = Debug|Any CPU
		{8D00C5CB-A319-47D3-9697-0908D4A4C387}.Debug|Any CPU.Build.0 = Debug|Any CPU
		{8D00C5CB-A319-47D3-9697-0908D4A4C387}.Release|Any CPU.ActiveCfg = Release|Any CPU
		{8D00C5CB-A319-47D3-9697-0908D4A4C387}.Release|Any CPU.Build.0 = Release|Any CPU
		{183CBD19-6A6B-4D1B-B9BD-40F159AD32BB}.Debug|Any CPU.ActiveCfg = Debug|Any CPU
		{183CBD19-6A6B-4D1B-B9BD-40F159AD32BB}.Debug|Any CPU.Build.0 = Debug|Any CPU
		{183CBD19-6A6B-4D1B-B9BD-40F159AD32BB}.Release|Any CPU.ActiveCfg = Release|Any CPU
		{183CBD19-6A6B-4D1B-B9BD-40F159AD32BB}.Release|Any CPU.Build.0 = Release|Any CPU
	EndGlobalSection
	GlobalSection(SolutionProperties) = preSolution
		HideSolutionNode = FALSE
	EndGlobalSection
	GlobalSection(NestedProjects) = preSolution
		{E9357394-8923-45B3-A063-4BBE28CAC9F3} = {4A6C95B4-7A36-4B5B-90A9-4BB183884016}
		{5BDBA4F0-EF65-45D8-A7F0-4D2B2D3D6251} = {4A6C95B4-7A36-4B5B-90A9-4BB183884016}
		{96C55BA9-F39D-4359-9A41-345B662A7D83} = {4A6C95B4-7A36-4B5B-90A9-4BB183884016}
		{2BF44926-A6DC-4CE2-A39B-FF51CB4F4A21} = {BA4E8C0C-7CC4-4EB2-A7D9-1ADA951454A1}
		{254072E1-983D-4B5C-8B08-61F4DBC52016} = {BEC2E16A-083B-4DAE-8436-AFDF273D7682}
		{BA4E8C0C-7CC4-4EB2-A7D9-1ADA951454A1} = {E9357394-8923-45B3-A063-4BBE28CAC9F3}
		{BEC2E16A-083B-4DAE-8436-AFDF273D7682} = {E9357394-8923-45B3-A063-4BBE28CAC9F3}
		{F7619348-DE3E-4489-B538-9A393C2126F7} = {BA4E8C0C-7CC4-4EB2-A7D9-1ADA951454A1}
		{6AB1CE90-B9C0-4D8E-8D38-9E8CEBC7C5CE} = {BEC2E16A-083B-4DAE-8436-AFDF273D7682}
		{EB1A047B-8163-4245-97BF-E0BF3A9DCFCF} = {5BDBA4F0-EF65-45D8-A7F0-4D2B2D3D6251}
		{C7F16671-A135-4FC7-A1CC-42F4C9BC254B} = {5BDBA4F0-EF65-45D8-A7F0-4D2B2D3D6251}
		{BE38A127-7D9B-4402-A310-9740F13B1264} = {96C55BA9-F39D-4359-9A41-345B662A7D83}
		{8D00C5CB-A319-47D3-9697-0908D4A4C387} = {5BDBA4F0-EF65-45D8-A7F0-4D2B2D3D6251}
		{183CBD19-6A6B-4D1B-B9BD-40F159AD32BB} = {5BDBA4F0-EF65-45D8-A7F0-4D2B2D3D6251}
	EndGlobalSection
	GlobalSection(ExtensibilityGlobals) = postSolution
		SolutionGuid = {D0CCA688-5A68-49E3-A29D-BE360E7F19DF}
	EndGlobalSection
EndGlobal
